// !$*UTF8*$!
{
	archiveVersion = 1;
	classes = {
	};
	objectVersion = 56;
	objects = {

/* Begin PBXBuildFile section */
		AA0000000000000000000001 /* StudyVaultApp.swift in Sources */ = {isa = PBXBuildFile; fileRef = AA0000000000000000000011 /* StudyVaultApp.swift */; };
		AA0000000000000000000002 /* ContentView.swift in Sources */ = {isa = PBXBuildFile; fileRef = AA0000000000000000000012 /* ContentView.swift */; };
		AA0000000000000000000003 /* AskModels.swift in Sources */ = {isa = PBXBuildFile; fileRef = AA0000000000000000000013 /* AskModels.swift */; };
		AA0000000000000000000004 /* ViewModels.swift in Sources */ = {isa = PBXBuildFile; fileRef = AA0000000000000000000014 /* ViewModels.swift */; };
		AA0000000000000000000005 /* DesignSystem.swift in Sources */ = {isa = PBXBuildFile; fileRef = AA0000000000000000000016 /* DesignSystem.swift */; };
		AA000000000000000000000A /* UserSession.swift in Sources */ = {isa = PBXBuildFile; fileRef = AA000000000000000000001C /* UserSession.swift */; };
		AA000000000000000000000B /* PreviewCatalog.swift in Sources */ = {isa = PBXBuildFile; fileRef = AA000000000000000000001D /* PreviewCatalog.swift */; };
		CC0000000000000000000001 /* SmartComparisonView.swift in Sources */ = {isa = PBXBuildFile; fileRef = CC0000000000000000000011 /* SmartComparisonView.swift */; };
		CC0000000000000000000002 /* DashboardView.swift in Sources */ = {isa = PBXBuildFile; fileRef = CC0000000000000000000012 /* DashboardView.swift */; };
		CC0000000000000000000003 /* DiscoverViews.swift in Sources */ = {isa = PBXBuildFile; fileRef = CC0000000000000000000013 /* DiscoverViews.swift */; };
		CC0000000000000000000004 /* QuestionDetailView.swift in Sources */ = {isa = PBXBuildFile; fileRef = CC0000000000000000000014 /* QuestionDetailView.swift */; };
		CC0000000000000000000005 /* CreateComparisonView.swift in Sources */ = {isa = PBXBuildFile; fileRef = CC0000000000000000000015 /* CreateComparisonView.swift */; };
		CC0000000000000000000006 /* AccountView.swift in Sources */ = {isa = PBXBuildFile; fileRef = CC0000000000000000000016 /* AccountView.swift */; };
		CC0000000000000000000007 /* SharedComponents.swift in Sources */ = {isa = PBXBuildFile; fileRef = CC0000000000000000000017 /* SharedComponents.swift */; };
		EE0000000000000000000001 /* DecisionEngines.swift in Sources */ = {isa = PBXBuildFile; fileRef = EE0000000000000000000011 /* DecisionEngines.swift */; };
		EE0000000000000000000002 /* PersistenceModels.swift in Sources */ = {isa = PBXBuildFile; fileRef = EE0000000000000000000012 /* PersistenceModels.swift */; };
		EE0000000000000000000003 /* DecisionFeaturesView.swift in Sources */ = {isa = PBXBuildFile; fileRef = EE0000000000000000000013 /* DecisionFeaturesView.swift */; };
		EE0000000000000000000004 /* PlatformIntegrations.swift in Sources */ = {isa = PBXBuildFile; fileRef = EE0000000000000000000014 /* PlatformIntegrations.swift */; };
		AA0000000000000000000006 /* Assets.xcassets in Resources */ = {isa = PBXBuildFile; fileRef = AA0000000000000000000017 /* Assets.xcassets */; };
		AA0000000000000000000007 /* PrivacyInfo.xcprivacy in Resources */ = {isa = PBXBuildFile; fileRef = AA0000000000000000000018 /* PrivacyInfo.xcprivacy */; };
		AA0000000000000000000008 /* SeedQuestions.json in Resources */ = {isa = PBXBuildFile; fileRef = AA0000000000000000000019 /* SeedQuestions.json */; };
		AA0000000000000000000009 /* ProductKnowledge.json in Resources */ = {isa = PBXBuildFile; fileRef = AA000000000000000000001A /* ProductKnowledge.json */; };
		BB0000000000000000000001 /* StudyVaultCoreTests.swift in Sources */ = {isa = PBXBuildFile; fileRef = BB0000000000000000000011 /* StudyVaultCoreTests.swift */; };
		DD0000000000000000000001 /* StudyVaultUITests.swift in Sources */ = {isa = PBXBuildFile; fileRef = DD0000000000000000000011 /* StudyVaultUITests.swift */; };
/* End PBXBuildFile section */

/* Begin PBXContainerItemProxy section */
		BB0000000000000000000071 /* PBXContainerItemProxy */ = {
			isa = PBXContainerItemProxy;
			containerPortal = AA0000000000000000000050 /* Project object */;
			proxyType = 1;
			remoteGlobalIDString = AA0000000000000000000040;
			remoteInfo = StudyVault;
		};
		DD0000000000000000000071 /* PBXContainerItemProxy */ = {
			isa = PBXContainerItemProxy;
			containerPortal = AA0000000000000000000050 /* Project object */;
			proxyType = 1;
			remoteGlobalIDString = AA0000000000000000000040;
			remoteInfo = StudyVault;
		};
/* End PBXContainerItemProxy section */

/* Begin PBXFileReference section */
		AA0000000000000000000010 /* StudyVault.app */ = {isa = PBXFileReference; explicitFileType = wrapper.application; includeInIndex = 0; path = StudyVault.app; sourceTree = BUILT_PRODUCTS_DIR; };
		AA0000000000000000000011 /* StudyVaultApp.swift */ = {isa = PBXFileReference; lastKnownFileType = sourcecode.swift; path = StudyVaultApp.swift; sourceTree = "<group>"; };
		AA0000000000000000000012 /* ContentView.swift */ = {isa = PBXFileReference; lastKnownFileType = sourcecode.swift; path = ContentView.swift; sourceTree = "<group>"; };
		AA0000000000000000000013 /* AskModels.swift */ = {isa = PBXFileReference; lastKnownFileType = sourcecode.swift; path = AskModels.swift; sourceTree = "<group>"; };
		AA0000000000000000000014 /* ViewModels.swift */ = {isa = PBXFileReference; lastKnownFileType = sourcecode.swift; path = ViewModels.swift; sourceTree = "<group>"; };
		AA0000000000000000000015 /* Info.plist */ = {isa = PBXFileReference; lastKnownFileType = text.plist.xml; path = Info.plist; sourceTree = "<group>"; };
		AA0000000000000000000016 /* DesignSystem.swift */ = {isa = PBXFileReference; lastKnownFileType = sourcecode.swift; path = DesignSystem.swift; sourceTree = "<group>"; };
		AA0000000000000000000017 /* Assets.xcassets */ = {isa = PBXFileReference; lastKnownFileType = folder.assetcatalog; path = Assets.xcassets; sourceTree = "<group>"; };
		AA0000000000000000000018 /* PrivacyInfo.xcprivacy */ = {isa = PBXFileReference; lastKnownFileType = text.xml; path = PrivacyInfo.xcprivacy; sourceTree = "<group>"; };
		AA0000000000000000000019 /* SeedQuestions.json */ = {isa = PBXFileReference; lastKnownFileType = text.json; path = SeedQuestions.json; sourceTree = "<group>"; };
		AA000000000000000000001A /* ProductKnowledge.json */ = {isa = PBXFileReference; lastKnownFileType = text.json; path = ProductKnowledge.json; sourceTree = "<group>"; };
		AA000000000000000000001B /* StudyVault.entitlements */ = {isa = PBXFileReference; lastKnownFileType = text.plist.entitlements; path = StudyVault.entitlements; sourceTree = "<group>"; };
		AA000000000000000000001C /* UserSession.swift */ = {isa = PBXFileReference; lastKnownFileType = sourcecode.swift; path = UserSession.swift; sourceTree = "<group>"; };
		AA000000000000000000001D /* PreviewCatalog.swift */ = {isa = PBXFileReference; lastKnownFileType = sourcecode.swift; path = PreviewCatalog.swift; sourceTree = "<group>"; };
		CC0000000000000000000011 /* SmartComparisonView.swift */ = {isa = PBXFileReference; lastKnownFileType = sourcecode.swift; path = SmartComparisonView.swift; sourceTree = "<group>"; };
		CC0000000000000000000012 /* DashboardView.swift */ = {isa = PBXFileReference; lastKnownFileType = sourcecode.swift; path = DashboardView.swift; sourceTree = "<group>"; };
		CC0000000000000000000013 /* DiscoverViews.swift */ = {isa = PBXFileReference; lastKnownFileType = sourcecode.swift; path = DiscoverViews.swift; sourceTree = "<group>"; };
		CC0000000000000000000014 /* QuestionDetailView.swift */ = {isa = PBXFileReference; lastKnownFileType = sourcecode.swift; path = QuestionDetailView.swift; sourceTree = "<group>"; };
		CC0000000000000000000015 /* CreateComparisonView.swift */ = {isa = PBXFileReference; lastKnownFileType = sourcecode.swift; path = CreateComparisonView.swift; sourceTree = "<group>"; };
		CC0000000000000000000016 /* AccountView.swift */ = {isa = PBXFileReference; lastKnownFileType = sourcecode.swift; path = AccountView.swift; sourceTree = "<group>"; };
		CC0000000000000000000017 /* SharedComponents.swift */ = {isa = PBXFileReference; lastKnownFileType = sourcecode.swift; path = SharedComponents.swift; sourceTree = "<group>"; };
		EE0000000000000000000011 /* DecisionEngines.swift */ = {isa = PBXFileReference; lastKnownFileType = sourcecode.swift; path = DecisionEngines.swift; sourceTree = "<group>"; };
		EE0000000000000000000012 /* PersistenceModels.swift */ = {isa = PBXFileReference; lastKnownFileType = sourcecode.swift; path = PersistenceModels.swift; sourceTree = "<group>"; };
		EE0000000000000000000013 /* DecisionFeaturesView.swift */ = {isa = PBXFileReference; lastKnownFileType = sourcecode.swift; path = DecisionFeaturesView.swift; sourceTree = "<group>"; };
		EE0000000000000000000014 /* PlatformIntegrations.swift */ = {isa = PBXFileReference; lastKnownFileType = sourcecode.swift; path = PlatformIntegrations.swift; sourceTree = "<group>"; };
		BB0000000000000000000010 /* StudyVaultTests.xctest */ = {isa = PBXFileReference; explicitFileType = wrapper.cfbundle; includeInIndex = 0; path = StudyVaultTests.xctest; sourceTree = BUILT_PRODUCTS_DIR; };
		BB0000000000000000000011 /* StudyVaultCoreTests.swift */ = {isa = PBXFileReference; lastKnownFileType = sourcecode.swift; path = StudyVaultCoreTests.swift; sourceTree = "<group>"; };
		DD0000000000000000000010 /* StudyVaultUITests.xctest */ = {isa = PBXFileReference; explicitFileType = wrapper.cfbundle; includeInIndex = 0; path = StudyVaultUITests.xctest; sourceTree = BUILT_PRODUCTS_DIR; };
		DD0000000000000000000011 /* StudyVaultUITests.swift */ = {isa = PBXFileReference; lastKnownFileType = sourcecode.swift; path = StudyVaultUITests.swift; sourceTree = "<group>"; };
/* End PBXFileReference section */

/* Begin PBXFrameworksBuildPhase section */
		AA0000000000000000000020 /* Frameworks */ = {
			isa = PBXFrameworksBuildPhase;
			buildActionMask = 2147483647;
			files = (
			);
			runOnlyForDeploymentPostprocessing = 0;
		};
		BB0000000000000000000020 /* Frameworks */ = {
			isa = PBXFrameworksBuildPhase;
			buildActionMask = 2147483647;
			files = (
			);
			runOnlyForDeploymentPostprocessing = 0;
		};
		DD0000000000000000000020 /* Frameworks */ = {
			isa = PBXFrameworksBuildPhase;
			buildActionMask = 2147483647;
			files = (
			);
			runOnlyForDeploymentPostprocessing = 0;
		};
/* End PBXFrameworksBuildPhase section */

/* Begin PBXGroup section */
		AA0000000000000000000030 = {
			isa = PBXGroup;
			children = (
				AA0000000000000000000031 /* StudyVault */,
				BB0000000000000000000030 /* StudyVaultTests */,
				DD0000000000000000000030 /* StudyVaultUITests */,
				AA0000000000000000000032 /* Products */,
			);
			sourceTree = "<group>";
		};
		AA0000000000000000000031 /* StudyVault */ = {
			isa = PBXGroup;
			children = (
				AA0000000000000000000011 /* StudyVaultApp.swift */,
				AA0000000000000000000012 /* ContentView.swift */,
				CC0000000000000000000012 /* DashboardView.swift */,
				CC0000000000000000000013 /* DiscoverViews.swift */,
				CC0000000000000000000011 /* SmartComparisonView.swift */,
				CC0000000000000000000014 /* QuestionDetailView.swift */,
				CC0000000000000000000015 /* CreateComparisonView.swift */,
				CC0000000000000000000016 /* AccountView.swift */,
				CC0000000000000000000017 /* SharedComponents.swift */,
				EE0000000000000000000011 /* DecisionEngines.swift */,
				EE0000000000000000000012 /* PersistenceModels.swift */,
				EE0000000000000000000013 /* DecisionFeaturesView.swift */,
				EE0000000000000000000014 /* PlatformIntegrations.swift */,
				AA0000000000000000000013 /* AskModels.swift */,
				AA0000000000000000000014 /* ViewModels.swift */,
				AA0000000000000000000016 /* DesignSystem.swift */,
				AA000000000000000000001C /* UserSession.swift */,
				AA000000000000000000001D /* PreviewCatalog.swift */,
				AA0000000000000000000015 /* Info.plist */,
				AA000000000000000000001B /* StudyVault.entitlements */,
				AA0000000000000000000018 /* PrivacyInfo.xcprivacy */,
				AA0000000000000000000019 /* SeedQuestions.json */,
				AA000000000000000000001A /* ProductKnowledge.json */,
				AA0000000000000000000017 /* Assets.xcassets */,
			);
			path = StudyVault;
			sourceTree = "<group>";
		};
		AA0000000000000000000032 /* Products */ = {
			isa = PBXGroup;
			children = (
				AA0000000000000000000010 /* StudyVault.app */,
				BB0000000000000000000010 /* StudyVaultTests.xctest */,
				DD0000000000000000000010 /* StudyVaultUITests.xctest */,
			);
			name = Products;
			sourceTree = "<group>";
		};
		BB0000000000000000000030 /* StudyVaultTests */ = {
			isa = PBXGroup;
			children = (
				BB0000000000000000000011 /* StudyVaultCoreTests.swift */,
			);
			path = StudyVaultTests;
			sourceTree = "<group>";
		};
		DD0000000000000000000030 /* StudyVaultUITests */ = {
			isa = PBXGroup;
			children = (
				DD0000000000000000000011 /* StudyVaultUITests.swift */,
			);
			path = StudyVaultUITests;
			sourceTree = "<group>";
		};
/* End PBXGroup section */

/* Begin PBXNativeTarget section */
		AA0000000000000000000040 /* StudyVault */ = {
			isa = PBXNativeTarget;
			buildConfigurationList = AA0000000000000000000080 /* Build configuration list for PBXNativeTarget "StudyVault" */;
			buildPhases = (
				AA0000000000000000000060 /* Sources */,
				AA0000000000000000000020 /* Frameworks */,
				AA0000000000000000000061 /* Resources */,
				AA0000000000000000000062 /* Clean App Metadata */,
			);
			buildRules = (
			);
			dependencies = (
			);
			name = StudyVault;
			productName = StudyVault;
			productReference = AA0000000000000000000010 /* StudyVault.app */;
			productType = "com.apple.product-type.application";
		};
		BB0000000000000000000040 /* StudyVaultTests */ = {
			isa = PBXNativeTarget;
			buildConfigurationList = BB0000000000000000000080 /* Build configuration list for PBXNativeTarget "StudyVaultTests" */;
			buildPhases = (
				BB0000000000000000000060 /* Sources */,
				BB0000000000000000000020 /* Frameworks */,
				BB0000000000000000000061 /* Resources */,
			);
			buildRules = (
			);
			dependencies = (
				BB0000000000000000000070 /* PBXTargetDependency */,
			);
			name = StudyVaultTests;
			productName = StudyVaultTests;
			productReference = BB0000000000000000000010 /* StudyVaultTests.xctest */;
			productType = "com.apple.product-type.bundle.unit-test";
		};
		DD0000000000000000000040 /* StudyVaultUITests */ = {
			isa = PBXNativeTarget;
			buildConfigurationList = DD0000000000000000000080 /* Build configuration list for PBXNativeTarget "StudyVaultUITests" */;
			buildPhases = (
				DD0000000000000000000060 /* Sources */,
				DD0000000000000000000020 /* Frameworks */,
				DD0000000000000000000061 /* Resources */,
			);
			buildRules = (
			);
			dependencies = (
				DD0000000000000000000070 /* PBXTargetDependency */,
			);
			name = StudyVaultUITests;
			productName = StudyVaultUITests;
			productReference = DD0000000000000000000010 /* StudyVaultUITests.xctest */;
			productType = "com.apple.product-type.bundle.ui-testing";
		};
/* End PBXNativeTarget section */

/* Begin PBXProject section */
		AA0000000000000000000050 /* Project object */ = {
			isa = PBXProject;
			attributes = {
				BuildIndependentTargetsInParallel = 1;
				LastSwiftUpdateCheck = 2660;
				LastUpgradeCheck = 2660;
				TargetAttributes = {
					AA0000000000000000000040 = {
						CreatedOnToolsVersion = 26.6;
					};
					BB0000000000000000000040 = {
						CreatedOnToolsVersion = 26.6;
						TestTargetID = AA0000000000000000000040;
					};
					DD0000000000000000000040 = {
						CreatedOnToolsVersion = 26.6;
						TestTargetID = AA0000000000000000000040;
					};
				};
			};
			buildConfigurationList = AA0000000000000000000070 /* Build configuration list for PBXProject "StudyVault" */;
			compatibilityVersion = "Xcode 14.0";
			developmentRegion = ar;
			hasScannedForEncodings = 0;
			knownRegions = (
				ar,
				en,
				Base,
			);
			mainGroup = AA0000000000000000000030;
			productRefGroup = AA0000000000000000000032 /* Products */;
			projectDirPath = "";
			projectRoot = "";
			targets = (
				AA0000000000000000000040 /* StudyVault */,
				BB0000000000000000000040 /* StudyVaultTests */,
				DD0000000000000000000040 /* StudyVaultUITests */,
			);
		};
/* End PBXProject section */

/* Begin PBXResourcesBuildPhase section */
		AA0000000000000000000061 /* Resources */ = {
			isa = PBXResourcesBuildPhase;
			buildActionMask = 2147483647;
			files = (
				AA0000000000000000000006 /* Assets.xcassets in Resources */,
				AA0000000000000000000007 /* PrivacyInfo.xcprivacy in Resources */,
				AA0000000000000000000008 /* SeedQuestions.json in Resources */,
				AA0000000000000000000009 /* ProductKnowledge.json in Resources */,
			);
			runOnlyForDeploymentPostprocessing = 0;
		};
		BB0000000000000000000061 /* Resources */ = {
			isa = PBXResourcesBuildPhase;
			buildActionMask = 2147483647;
			files = (
			);
			runOnlyForDeploymentPostprocessing = 0;
		};
		DD0000000000000000000061 /* Resources */ = {
			isa = PBXResourcesBuildPhase;
			buildActionMask = 2147483647;
			files = (
			);
			runOnlyForDeploymentPostprocessing = 0;
		};
/* End PBXResourcesBuildPhase section */

/* Begin PBXShellScriptBuildPhase section */
		AA0000000000000000000062 /* Clean App Metadata */ = {
			isa = PBXShellScriptBuildPhase;
			buildActionMask = 2147483647;
			files = (
			);
			inputFileListPaths = (
			);
			inputPaths = (
			);
			name = "Clean App Metadata";
			outputFileListPaths = (
			);
			outputPaths = (
				"$(DERIVED_FILE_DIR)/CleanAppMetadata.stamp",
			);
			runOnlyForDeploymentPostprocessing = 0;
			shellPath = /bin/sh;
			shellScript = "if [ -n \"$TARGET_BUILD_DIR\" ] && [ -n \"$FULL_PRODUCT_NAME\" ]; then\n  /usr/bin/xattr -cr \"$TARGET_BUILD_DIR/$FULL_PRODUCT_NAME\" || true\nfi\n/usr/bin/touch \"$DERIVED_FILE_DIR/CleanAppMetadata.stamp\"\n";
		};
/* End PBXShellScriptBuildPhase section */

/* Begin PBXSourcesBuildPhase section */
		AA0000000000000000000060 /* Sources */ = {
			isa = PBXSourcesBuildPhase;
			buildActionMask = 2147483647;
			files = (
				AA0000000000000000000001 /* StudyVaultApp.swift in Sources */,
				AA0000000000000000000002 /* ContentView.swift in Sources */,
				CC0000000000000000000002 /* DashboardView.swift in Sources */,
				CC0000000000000000000003 /* DiscoverViews.swift in Sources */,
				CC0000000000000000000001 /* SmartComparisonView.swift in Sources */,
				CC0000000000000000000004 /* QuestionDetailView.swift in Sources */,
				CC0000000000000000000005 /* CreateComparisonView.swift in Sources */,
				CC0000000000000000000006 /* AccountView.swift in Sources */,
				CC0000000000000000000007 /* SharedComponents.swift in Sources */,
				EE0000000000000000000001 /* DecisionEngines.swift in Sources */,
				EE0000000000000000000002 /* PersistenceModels.swift in Sources */,
				EE0000000000000000000003 /* DecisionFeaturesView.swift in Sources */,
				EE0000000000000000000004 /* PlatformIntegrations.swift in Sources */,
				AA0000000000000000000003 /* AskModels.swift in Sources */,
				AA0000000000000000000004 /* ViewModels.swift in Sources */,
				AA0000000000000000000005 /* DesignSystem.swift in Sources */,
				AA000000000000000000000A /* UserSession.swift in Sources */,
				AA000000000000000000000B /* PreviewCatalog.swift in Sources */,
			);
			runOnlyForDeploymentPostprocessing = 0;
		};
		BB0000000000000000000060 /* Sources */ = {
			isa = PBXSourcesBuildPhase;
			buildActionMask = 2147483647;
			files = (
				BB0000000000000000000001 /* StudyVaultCoreTests.swift in Sources */,
			);
			runOnlyForDeploymentPostprocessing = 0;
		};
		DD0000000000000000000060 /* Sources */ = {
			isa = PBXSourcesBuildPhase;
			buildActionMask = 2147483647;
			files = (
				DD0000000000000000000001 /* StudyVaultUITests.swift in Sources */,
			);
			runOnlyForDeploymentPostprocessing = 0;
		};
/* End PBXSourcesBuildPhase section */

/* Begin PBXTargetDependency section */
		BB0000000000000000000070 /* PBXTargetDependency */ = {
			isa = PBXTargetDependency;
			target = AA0000000000000000000040 /* StudyVault */;
			targetProxy = BB0000000000000000000071 /* PBXContainerItemProxy */;
		};
		DD0000000000000000000070 /* PBXTargetDependency */ = {
			isa = PBXTargetDependency;
			target = AA0000000000000000000040 /* StudyVault */;
			targetProxy = DD0000000000000000000071 /* PBXContainerItemProxy */;
		};
/* End PBXTargetDependency section */

/* Begin XCBuildConfiguration section */
		AA0000000000000000000090 /* Debug */ = {
			isa = XCBuildConfiguration;
			buildSettings = {
				ALWAYS_SEARCH_USER_PATHS = NO;
				CLANG_ANALYZER_NONNULL = YES;
				CLANG_ANALYZER_NUMBER_OBJECT_CONVERSION = YES_AGGRESSIVE;
				CLANG_CXX_LANGUAGE_STANDARD = "gnu++20";
				CLANG_ENABLE_MODULES = YES;
				CLANG_ENABLE_OBJC_ARC = YES;
				CLANG_ENABLE_OBJC_WEAK = YES;
				CLANG_WARN_BLOCK_CAPTURE_AUTORELEASING = YES;
				CLANG_WARN_BOOL_CONVERSION = YES;
				CLANG_WARN_COMMA = YES;
				CLANG_WARN_CONSTANT_CONVERSION = YES;
				CLANG_WARN_DEPRECATED_OBJC_IMPLEMENTATIONS = YES;
				CLANG_WARN_DIRECT_OBJC_ISA_USAGE = YES_ERROR;
				CLANG_WARN_DOCUMENTATION_COMMENTS = YES;
				CLANG_WARN_EMPTY_BODY = YES;
				CLANG_WARN_ENUM_CONVERSION = YES;
				CLANG_WARN_INFINITE_RECURSION = YES;
				CLANG_WARN_INT_CONVERSION = YES;
				CLANG_WARN_NON_LITERAL_NULL_CONVERSION = YES;
				CLANG_WARN_OBJC_IMPLICIT_RETAIN_SELF = YES;
				CLANG_WARN_OBJC_LITERAL_CONVERSION = YES;
				CLANG_WARN_OBJC_ROOT_CLASS = YES_ERROR;
				CLANG_WARN_QUOTED_INCLUDE_IN_FRAMEWORK_HEADER = YES;
				CLANG_WARN_RANGE_LOOP_ANALYSIS = YES;
				CLANG_WARN_STRICT_PROTOTYPES = YES;
				CLANG_WARN_SUSPICIOUS_MOVE = YES;
				CLANG_WARN_UNGUARDED_AVAILABILITY = YES_AGGRESSIVE;
				CLANG_WARN_UNREACHABLE_CODE = YES;
				COPY_PHASE_STRIP = NO;
				DEBUG_INFORMATION_FORMAT = dwarf;
				ENABLE_STRICT_OBJC_MSGSEND = YES;
				ENABLE_TESTABILITY = YES;
				GCC_C_LANGUAGE_STANDARD = gnu17;
				GCC_DYNAMIC_NO_PIC = NO;
				GCC_NO_COMMON_BLOCKS = YES;
				GCC_OPTIMIZATION_LEVEL = 0;
				GCC_PREPROCESSOR_DEFINITIONS = (
					"DEBUG=1",
					"$(inherited)",
				);
				GCC_WARN_64_TO_32_BIT_CONVERSION = YES;
				GCC_WARN_ABOUT_RETURN_TYPE = YES_ERROR;
				GCC_WARN_UNDECLARED_SELECTOR = YES;
				GCC_WARN_UNINITIALIZED_AUTOS = YES_AGGRESSIVE;
				GCC_WARN_UNUSED_FUNCTION = YES;
				GCC_WARN_UNUSED_VARIABLE = YES;
				IPHONEOS_DEPLOYMENT_TARGET = 17.0;
				MTL_ENABLE_DEBUG_INFO = INCLUDE_SOURCE;
				MTL_FAST_MATH = YES;
				SDKROOT = iphoneos;
				SWIFT_ACTIVE_COMPILATION_CONDITIONS = DEBUG;
				SWIFT_OPTIMIZATION_LEVEL = "-Onone";
			};
			name = Debug;
		};
		AA0000000000000000000091 /* Release */ = {
			isa = XCBuildConfiguration;
			buildSettings = {
				ALWAYS_SEARCH_USER_PATHS = NO;
				CLANG_ANALYZER_NONNULL = YES;
				CLANG_ANALYZER_NUMBER_OBJECT_CONVERSION = YES_AGGRESSIVE;
				CLANG_CXX_LANGUAGE_STANDARD = "gnu++20";
				CLANG_ENABLE_MODULES = YES;
				CLANG_ENABLE_OBJC_ARC = YES;
				CLANG_ENABLE_OBJC_WEAK = YES;
				CLANG_WARN_BLOCK_CAPTURE_AUTORELEASING = YES;
				CLANG_WARN_BOOL_CONVERSION = YES;
				CLANG_WARN_COMMA = YES;
				CLANG_WARN_CONSTANT_CONVERSION = YES;
				CLANG_WARN_DEPRECATED_OBJC_IMPLEMENTATIONS = YES;
				CLANG_WARN_DIRECT_OBJC_ISA_USAGE = YES_ERROR;
				CLANG_WARN_DOCUMENTATION_COMMENTS = YES;
				CLANG_WARN_EMPTY_BODY = YES;
				CLANG_WARN_ENUM_CONVERSION = YES;
				CLANG_WARN_INFINITE_RECURSION = YES;
				CLANG_WARN_INT_CONVERSION = YES;
				CLANG_WARN_NON_LITERAL_NULL_CONVERSION = YES;
				CLANG_WARN_OBJC_IMPLICIT_RETAIN_SELF = YES;
				CLANG_WARN_OBJC_LITERAL_CONVERSION = YES;
				CLANG_WARN_OBJC_ROOT_CLASS = YES_ERROR;
				CLANG_WARN_QUOTED_INCLUDE_IN_FRAMEWORK_HEADER = YES;
				CLANG_WARN_RANGE_LOOP_ANALYSIS = YES;
				CLANG_WARN_STRICT_PROTOTYPES = YES;
				CLANG_WARN_SUSPICIOUS_MOVE = YES;
				CLANG_WARN_UNGUARDED_AVAILABILITY = YES_AGGRESSIVE;
				CLANG_WARN_UNREACHABLE_CODE = YES;
				COPY_PHASE_STRIP = NO;
				DEBUG_INFORMATION_FORMAT = "dwarf-with-dsym";
				ENABLE_NS_ASSERTIONS = NO;
				ENABLE_STRICT_OBJC_MSGSEND = YES;
				GCC_C_LANGUAGE_STANDARD = gnu17;
				GCC_NO_COMMON_BLOCKS = YES;
				GCC_WARN_64_TO_32_BIT_CONVERSION = YES;
				GCC_WARN_ABOUT_RETURN_TYPE = YES_ERROR;
				GCC_WARN_UNDECLARED_SELECTOR = YES;
				GCC_WARN_UNINITIALIZED_AUTOS = YES_AGGRESSIVE;
				GCC_WARN_UNUSED_FUNCTION = YES;
				GCC_WARN_UNUSED_VARIABLE = YES;
				IPHONEOS_DEPLOYMENT_TARGET = 17.0;
				MTL_ENABLE_DEBUG_INFO = NO;
				MTL_FAST_MATH = YES;
				SDKROOT = iphoneos;
				SWIFT_COMPILATION_MODE = wholemodule;
				SWIFT_OPTIMIZATION_LEVEL = "-O";
				VALIDATE_PRODUCT = YES;
			};
			name = Release;
		};
		AA0000000000000000000092 /* Debug */ = {
			isa = XCBuildConfiguration;
			buildSettings = {
				ASSETCATALOG_COMPILER_APPICON_NAME = AppIcon;
				ASSETCATALOG_COMPILER_ENABLE_ON_DEMAND_RESOURCES = NO;
				CODE_SIGN_ENTITLEMENTS = StudyVault/StudyVault.entitlements;
				CODE_SIGN_STYLE = Automatic;
				CURRENT_PROJECT_VERSION = 52;
				DEVELOPMENT_TEAM = 4HM66AD594;
				GENERATE_INFOPLIST_FILE = NO;
				INFOPLIST_FILE = StudyVault/Info.plist;
				INFOPLIST_KEY_CFBundleDisplayName = "وش الرأي";
				IPHONEOS_DEPLOYMENT_TARGET = 17.0;
				LD_RUNPATH_SEARCH_PATHS = (
					"$(inherited)",
					"@executable_path/Frameworks",
				);
				MARKETING_VERSION = 1.10.0;
				PRODUCT_BUNDLE_IDENTIFIER = com.shary17454.esal;
				PRODUCT_NAME = "$(TARGET_NAME)";
				SUPPORTED_PLATFORMS = "iphoneos iphonesimulator";
				SUPPORTS_MACCATALYST = NO;
				SWIFT_EMIT_LOC_STRINGS = YES;
				SWIFT_VERSION = 6.0;
				TARGETED_DEVICE_FAMILY = "1,2";
			};
			name = Debug;
		};
		AA0000000000000000000093 /* Release */ = {
			isa = XCBuildConfiguration;
			buildSettings = {
				ASSETCATALOG_COMPILER_APPICON_NAME = AppIcon;
				ASSETCATALOG_COMPILER_ENABLE_ON_DEMAND_RESOURCES = NO;
				CODE_SIGN_ENTITLEMENTS = StudyVault/StudyVault.entitlements;
				CODE_SIGN_STYLE = Automatic;
				CURRENT_PROJECT_VERSION = 52;
				DEVELOPMENT_TEAM = 4HM66AD594;
				GENERATE_INFOPLIST_FILE = NO;
				INFOPLIST_FILE = StudyVault/Info.plist;
				INFOPLIST_KEY_CFBundleDisplayName = "وش الرأي";
				IPHONEOS_DEPLOYMENT_TARGET = 17.0;
				LD_RUNPATH_SEARCH_PATHS = (
					"$(inherited)",
					"@executable_path/Frameworks",
				);
				MARKETING_VERSION = 1.10.0;
				PRODUCT_BUNDLE_IDENTIFIER = com.shary17454.esal;
				PRODUCT_NAME = "$(TARGET_NAME)";
				SUPPORTED_PLATFORMS = "iphoneos iphonesimulator";
				SUPPORTS_MACCATALYST = NO;
				SWIFT_EMIT_LOC_STRINGS = YES;
				SWIFT_VERSION = 6.0;
				TARGETED_DEVICE_FAMILY = "1,2";
				VALIDATE_PRODUCT = YES;
			};
			name = Release;
		};
		BB0000000000000000000092 /* Debug */ = {
			isa = XCBuildConfiguration;
			buildSettings = {
				BUNDLE_LOADER = "$(TEST_HOST)";
				CODE_SIGN_STYLE = Automatic;
				DEVELOPMENT_TEAM = 4HM66AD594;
				GENERATE_INFOPLIST_FILE = YES;
				IPHONEOS_DEPLOYMENT_TARGET = 17.0;
				LD_RUNPATH_SEARCH_PATHS = (
					"$(inherited)",
					"@executable_path/Frameworks",
					"@loader_path/Frameworks",
				);
				PRODUCT_BUNDLE_IDENTIFIER = com.shary17454.esalTests;
				PRODUCT_NAME = "$(TARGET_NAME)";
				SWIFT_VERSION = 6.0;
				TARGETED_DEVICE_FAMILY = "1,2";
				TEST_HOST = "$(BUILT_PRODUCTS_DIR)/StudyVault.app/$(BUNDLE_EXECUTABLE_FOLDER_PATH)/StudyVault";
			};
			name = Debug;
		};
		BB0000000000000000000093 /* Release */ = {
			isa = XCBuildConfiguration;
			buildSettings = {
				BUNDLE_LOADER = "$(TEST_HOST)";
				CODE_SIGN_STYLE = Automatic;
				DEVELOPMENT_TEAM = 4HM66AD594;
				GENERATE_INFOPLIST_FILE = YES;
				IPHONEOS_DEPLOYMENT_TARGET = 17.0;
				LD_RUNPATH_SEARCH_PATHS = (
					"$(inherited)",
					"@executable_path/Frameworks",
					"@loader_path/Frameworks",
				);
				PRODUCT_BUNDLE_IDENTIFIER = com.shary17454.esalTests;
				PRODUCT_NAME = "$(TARGET_NAME)";
				SWIFT_VERSION = 6.0;
				TARGETED_DEVICE_FAMILY = "1,2";
				TEST_HOST = "$(BUILT_PRODUCTS_DIR)/StudyVault.app/$(BUNDLE_EXECUTABLE_FOLDER_PATH)/StudyVault";
			};
			name = Release;
		};
		DD0000000000000000000092 /* Debug */ = {
			isa = XCBuildConfiguration;
			buildSettings = {
				CODE_SIGN_STYLE = Automatic;
				DEVELOPMENT_TEAM = 4HM66AD594;
				GENERATE_INFOPLIST_FILE = YES;
				IPHONEOS_DEPLOYMENT_TARGET = 17.0;
				LD_RUNPATH_SEARCH_PATHS = (
					"$(inherited)",
					"@executable_path/Frameworks",
					"@loader_path/Frameworks",
				);
				PRODUCT_BUNDLE_IDENTIFIER = com.shary17454.esalUITests;
				PRODUCT_NAME = "$(TARGET_NAME)";
				SWIFT_VERSION = 6.0;
				TARGETED_DEVICE_FAMILY = "1,2";
				TEST_TARGET_NAME = StudyVault;
			};
			name = Debug;
		};
		DD0000000000000000000093 /* Release */ = {
			isa = XCBuildConfiguration;
			buildSettings = {
				CODE_SIGN_STYLE = Automatic;
				DEVELOPMENT_TEAM = 4HM66AD594;
				GENERATE_INFOPLIST_FILE = YES;
				IPHONEOS_DEPLOYMENT_TARGET = 17.0;
				LD_RUNPATH_SEARCH_PATHS = (
					"$(inherited)",
					"@executable_path/Frameworks",
					"@loader_path/Frameworks",
				);
				PRODUCT_BUNDLE_IDENTIFIER = com.shary17454.esalUITests;
				PRODUCT_NAME = "$(TARGET_NAME)";
				SWIFT_VERSION = 6.0;
				TARGETED_DEVICE_FAMILY = "1,2";
				TEST_TARGET_NAME = StudyVault;
			};
			name = Release;
		};
/* End XCBuildConfiguration section */

/* Begin XCConfigurationList section */
		AA0000000000000000000070 /* Build configuration list for PBXProject "StudyVault" */ = {
			isa = XCConfigurationList;
			buildConfigurations = (
				AA0000000000000000000090 /* Debug */,
				AA0000000000000000000091 /* Release */,
			);
			defaultConfigurationIsVisible = 0;
			defaultConfigurationName = Release;
		};
		AA0000000000000000000080 /* Build configuration list for PBXNativeTarget "StudyVault" */ = {
			isa = XCConfigurationList;
			buildConfigurations = (
				AA0000000000000000000092 /* Debug */,
				AA0000000000000000000093 /* Release */,
			);
			defaultConfigurationIsVisible = 0;
			defaultConfigurationName = Release;
		};
		BB0000000000000000000080 /* Build configuration list for PBXNativeTarget "StudyVaultTests" */ = {
			isa = XCConfigurationList;
			buildConfigurations = (
				BB0000000000000000000092 /* Debug */,
				BB0000000000000000000093 /* Release */,
			);
			defaultConfigurationIsVisible = 0;
			defaultConfigurationName = Release;
		};
		DD0000000000000000000080 /* Build configuration list for PBXNativeTarget "StudyVaultUITests" */ = {
			isa = XCConfigurationList;
			buildConfigurations = (
				DD0000000000000000000092 /* Debug */,
				DD0000000000000000000093 /* Release */,
			);
			defaultConfigurationIsVisible = 0;
			defaultConfigurationName = Release;
		};
/* End XCConfigurationList section */
	};
	rootObject = AA0000000000000000000050 /* Project object */;
}
