// !$*UTF8*$!
{
	archiveVersion = 1;
	classes = {
	};
	objectVersion = 56;
	objects = {

/* Begin PBXBuildFile section */
		101000000000000000000001 /* AppDelegate.swift in Sources */ = {isa = PBXBuildFile; fileRef = 102000000000000000000001 /* AppDelegate.swift */; };
		101000000000000000000004 /* Assets.xcassets in Resources */ = {isa = PBXBuildFile; fileRef = 102000000000000000000004 /* Assets.xcassets */; };
		101000000000000000000007 /* data in Resources */ = {isa = PBXBuildFile; fileRef = 102000000000000000000009 /* data */; };
		101000000000000000000006 /* PrivacyInfo.xcprivacy in Resources */ = {isa = PBXBuildFile; fileRef = 102000000000000000000008 /* PrivacyInfo.xcprivacy */; };
		101000000000000000000008 /* BatalCatalogResourceTests.swift in Sources */ = {isa = PBXBuildFile; fileRef = 10200000000000000000000A /* BatalCatalogResourceTests.swift */; };
		101000000000000000000009 /* data in Resources */ = {isa = PBXBuildFile; fileRef = 102000000000000000000009 /* data */; };
		10100000000000000000000C /* InfoPlist.strings in Resources */ = {isa = PBXBuildFile; fileRef = 104000000000000000000005 /* InfoPlist.strings */; };
		10100000000000000000000E /* BatalAlDroobUITests.swift in Sources */ = {isa = PBXBuildFile; fileRef = 10200000000000000000000E /* BatalAlDroobUITests.swift */; };
		10100000000000000000000F /* Models.swift in Sources */ = {isa = PBXBuildFile; fileRef = 102000000000000000000010 /* Models.swift */; };
		101000000000000000000010 /* Services.swift in Sources */ = {isa = PBXBuildFile; fileRef = 102000000000000000000011 /* Services.swift */; };
		101000000000000000000011 /* CatalogViewModel.swift in Sources */ = {isa = PBXBuildFile; fileRef = 102000000000000000000012 /* CatalogViewModel.swift */; };
		10100000000000000000001E /* AIModels.swift in Sources */ = {isa = PBXBuildFile; fileRef = 10200000000000000000001E /* AIModels.swift */; };
		10100000000000000000001F /* AIService.swift in Sources */ = {isa = PBXBuildFile; fileRef = 10200000000000000000001F /* AIService.swift */; };
		101000000000000000000020 /* AIAssistantView.swift in Sources */ = {isa = PBXBuildFile; fileRef = 102000000000000000000020 /* AIAssistantView.swift */; };
		10100000000000000000001A /* CatalogSearch.swift in Sources */ = {isa = PBXBuildFile; fileRef = 10200000000000000000001A /* CatalogSearch.swift */; };
		10100000000000000000001B /* models in Resources */ = {isa = PBXBuildFile; fileRef = 10200000000000000000001B /* models */; };
		10100000000000000000001D /* CameraCaptureView.swift in Sources */ = {isa = PBXBuildFile; fileRef = 10200000000000000000001D /* CameraCaptureView.swift */; };
		10100000000000000000001C /* PermissionOnboardingView.swift in Sources */ = {isa = PBXBuildFile; fileRef = 10200000000000000000001C /* PermissionOnboardingView.swift */; };
		101000000000000000000012 /* Views.swift in Sources */ = {isa = PBXBuildFile; fileRef = 102000000000000000000013 /* Views.swift */; };
		101000000000000000000013 /* Utilities.swift in Sources */ = {isa = PBXBuildFile; fileRef = 102000000000000000000014 /* Utilities.swift */; };
		101000000000000000000015 /* PartDetailViews.swift in Sources */ = {isa = PBXBuildFile; fileRef = 102000000000000000000016 /* PartDetailViews.swift */; };
		101000000000000000000016 /* WorkflowViews.swift in Sources */ = {isa = PBXBuildFile; fileRef = 102000000000000000000017 /* WorkflowViews.swift */; };
		101000000000000000000017 /* MoreViews.swift in Sources */ = {isa = PBXBuildFile; fileRef = 102000000000000000000018 /* MoreViews.swift */; };
		101000000000000000000018 /* AppIntents.framework in Frameworks */ = {isa = PBXBuildFile; fileRef = 102000000000000000000019 /* AppIntents.framework */; };
/* End PBXBuildFile section */

/* Begin PBXContainerItemProxy section */
		10B000000000000000000001 /* PBXContainerItemProxy */ = {
			isa = PBXContainerItemProxy;
			containerPortal = 108000000000000000000001 /* Project object */;
			proxyType = 1;
			remoteGlobalIDString = 105000000000000000000001;
			remoteInfo = BatalAlDroob;
		};
		10B000000000000000000002 /* PBXContainerItemProxy */ = {
			isa = PBXContainerItemProxy;
			containerPortal = 108000000000000000000001 /* Project object */;
			proxyType = 1;
			remoteGlobalIDString = 105000000000000000000001;
			remoteInfo = BatalAlDroob;
		};
/* End PBXContainerItemProxy section */

/* Begin PBXFileReference section */
		102000000000000000000001 /* AppDelegate.swift */ = {isa = PBXFileReference; lastKnownFileType = sourcecode.swift; path = AppDelegate.swift; sourceTree = "<group>"; };
		102000000000000000000004 /* Assets.xcassets */ = {isa = PBXFileReference; lastKnownFileType = folder.assetcatalog; path = Assets.xcassets; sourceTree = "<group>"; };
		102000000000000000000005 /* Web */ = {isa = PBXFileReference; lastKnownFileType = folder; path = Web; sourceTree = "<group>"; };
		102000000000000000000006 /* Info.plist */ = {isa = PBXFileReference; lastKnownFileType = text.plist.xml; path = Info.plist; sourceTree = "<group>"; };
		102000000000000000000007 /* BatalAlDroob.app */ = {isa = PBXFileReference; explicitFileType = wrapper.application; includeInIndex = 0; path = BatalAlDroob.app; sourceTree = BUILT_PRODUCTS_DIR; };
		102000000000000000000008 /* PrivacyInfo.xcprivacy */ = {isa = PBXFileReference; lastKnownFileType = text.xml; path = PrivacyInfo.xcprivacy; sourceTree = "<group>"; };
		102000000000000000000009 /* data */ = {isa = PBXFileReference; lastKnownFileType = folder; path = Web/data; sourceTree = "<group>"; };
		10200000000000000000000A /* BatalCatalogResourceTests.swift */ = {isa = PBXFileReference; lastKnownFileType = sourcecode.swift; path = BatalCatalogResourceTests.swift; sourceTree = "<group>"; };
		10200000000000000000000B /* BatalAlDroobTests.xctest */ = {isa = PBXFileReference; explicitFileType = wrapper.cfbundle; includeInIndex = 0; path = BatalAlDroobTests.xctest; sourceTree = BUILT_PRODUCTS_DIR; };
		10200000000000000000000C /* ar */ = {isa = PBXFileReference; lastKnownFileType = text.plist.strings; name = ar; path = ar.lproj/InfoPlist.strings; sourceTree = "<group>"; };
		10200000000000000000000D /* en */ = {isa = PBXFileReference; lastKnownFileType = text.plist.strings; name = en; path = en.lproj/InfoPlist.strings; sourceTree = "<group>"; };
		10200000000000000000000E /* BatalAlDroobUITests.swift */ = {isa = PBXFileReference; lastKnownFileType = sourcecode.swift; path = BatalAlDroobUITests.swift; sourceTree = "<group>"; };
		10200000000000000000000F /* BatalAlDroobUITests.xctest */ = {isa = PBXFileReference; explicitFileType = wrapper.cfbundle; includeInIndex = 0; path = BatalAlDroobUITests.xctest; sourceTree = BUILT_PRODUCTS_DIR; };
		102000000000000000000010 /* Models.swift */ = {isa = PBXFileReference; lastKnownFileType = sourcecode.swift; path = Models.swift; sourceTree = "<group>"; };
		102000000000000000000011 /* Services.swift */ = {isa = PBXFileReference; lastKnownFileType = sourcecode.swift; path = Services.swift; sourceTree = "<group>"; };
		102000000000000000000012 /* CatalogViewModel.swift */ = {isa = PBXFileReference; lastKnownFileType = sourcecode.swift; path = CatalogViewModel.swift; sourceTree = "<group>"; };
		10200000000000000000001E /* AIModels.swift */ = {isa = PBXFileReference; lastKnownFileType = sourcecode.swift; path = AIModels.swift; sourceTree = "<group>"; };
		10200000000000000000001F /* AIService.swift */ = {isa = PBXFileReference; lastKnownFileType = sourcecode.swift; path = AIService.swift; sourceTree = "<group>"; };
		102000000000000000000020 /* AIAssistantView.swift */ = {isa = PBXFileReference; lastKnownFileType = sourcecode.swift; path = AIAssistantView.swift; sourceTree = "<group>"; };
		10200000000000000000001A /* CatalogSearch.swift */ = {isa = PBXFileReference; lastKnownFileType = sourcecode.swift; path = CatalogSearch.swift; sourceTree = "<group>"; };
		10200000000000000000001B /* models */ = {isa = PBXFileReference; lastKnownFileType = folder; path = Web/assets/models; sourceTree = "<group>"; };
		10200000000000000000001D /* CameraCaptureView.swift */ = {isa = PBXFileReference; lastKnownFileType = sourcecode.swift; path = CameraCaptureView.swift; sourceTree = "<group>"; };
		10200000000000000000001C /* PermissionOnboardingView.swift */ = {isa = PBXFileReference; lastKnownFileType = sourcecode.swift; path = PermissionOnboardingView.swift; sourceTree = "<group>"; };
		102000000000000000000013 /* Views.swift */ = {isa = PBXFileReference; lastKnownFileType = sourcecode.swift; path = Views.swift; sourceTree = "<group>"; };
		102000000000000000000014 /* Utilities.swift */ = {isa = PBXFileReference; lastKnownFileType = sourcecode.swift; path = Utilities.swift; sourceTree = "<group>"; };
		102000000000000000000016 /* PartDetailViews.swift */ = {isa = PBXFileReference; lastKnownFileType = sourcecode.swift; path = PartDetailViews.swift; sourceTree = "<group>"; };
		102000000000000000000017 /* WorkflowViews.swift */ = {isa = PBXFileReference; lastKnownFileType = sourcecode.swift; path = WorkflowViews.swift; sourceTree = "<group>"; };
		102000000000000000000018 /* MoreViews.swift */ = {isa = PBXFileReference; lastKnownFileType = sourcecode.swift; path = MoreViews.swift; sourceTree = "<group>"; };
		102000000000000000000019 /* AppIntents.framework */ = {isa = PBXFileReference; lastKnownFileType = wrapper.framework; name = AppIntents.framework; path = System/Library/Frameworks/AppIntents.framework; sourceTree = SDKROOT; };
/* End PBXFileReference section */

/* Begin PBXFrameworksBuildPhase section */
		103000000000000000000001 /* Frameworks */ = {
			isa = PBXFrameworksBuildPhase;
			buildActionMask = 2147483647;
			files = (
				101000000000000000000018 /* AppIntents.framework in Frameworks */,
			);
			runOnlyForDeploymentPostprocessing = 0;
		};
		103000000000000000000002 /* Frameworks */ = {
			isa = PBXFrameworksBuildPhase;
			buildActionMask = 2147483647;
			files = (
			);
			runOnlyForDeploymentPostprocessing = 0;
		};
		103000000000000000000003 /* Frameworks */ = {
			isa = PBXFrameworksBuildPhase;
			buildActionMask = 2147483647;
			files = (
			);
			runOnlyForDeploymentPostprocessing = 0;
		};
/* End PBXFrameworksBuildPhase section */

/* Begin PBXGroup section */
		104000000000000000000001 = {
			isa = PBXGroup;
			children = (
				104000000000000000000002 /* BatalAlDroob */,
				104000000000000000000004 /* BatalAlDroobTests */,
				104000000000000000000006 /* BatalAlDroobUITests */,
				104000000000000000000003 /* Products */,
			);
			sourceTree = "<group>";
		};
		104000000000000000000002 /* BatalAlDroob */ = {
			isa = PBXGroup;
			children = (
				102000000000000000000001 /* AppDelegate.swift */,
				10200000000000000000001E /* AIModels.swift */,
				10200000000000000000001F /* AIService.swift */,
				102000000000000000000020 /* AIAssistantView.swift */,
				10200000000000000000001D /* CameraCaptureView.swift */,
				10200000000000000000001A /* CatalogSearch.swift */,
				102000000000000000000012 /* CatalogViewModel.swift */,
				102000000000000000000010 /* Models.swift */,
				102000000000000000000018 /* MoreViews.swift */,
				102000000000000000000016 /* PartDetailViews.swift */,
				10200000000000000000001C /* PermissionOnboardingView.swift */,
				102000000000000000000011 /* Services.swift */,
				102000000000000000000014 /* Utilities.swift */,
				102000000000000000000013 /* Views.swift */,
				102000000000000000000017 /* WorkflowViews.swift */,
				102000000000000000000004 /* Assets.xcassets */,
				10200000000000000000001B /* models */,
				102000000000000000000009 /* data */,
				102000000000000000000006 /* Info.plist */,
				102000000000000000000008 /* PrivacyInfo.xcprivacy */,
				104000000000000000000005 /* InfoPlist.strings */,
			);
			path = BatalAlDroob;
			sourceTree = "<group>";
		};
		104000000000000000000003 /* Products */ = {
			isa = PBXGroup;
			children = (
				102000000000000000000007 /* BatalAlDroob.app */,
				10200000000000000000000B /* BatalAlDroobTests.xctest */,
				10200000000000000000000F /* BatalAlDroobUITests.xctest */,
			);
			name = Products;
			sourceTree = "<group>";
		};
		104000000000000000000004 /* BatalAlDroobTests */ = {
			isa = PBXGroup;
			children = (
				10200000000000000000000A /* BatalCatalogResourceTests.swift */,
			);
			path = BatalAlDroobTests;
			sourceTree = "<group>";
		};
		104000000000000000000005 /* InfoPlist.strings */ = {
			isa = PBXVariantGroup;
			children = (
				10200000000000000000000C /* ar */,
				10200000000000000000000D /* en */,
			);
			name = InfoPlist.strings;
			sourceTree = "<group>";
		};
		104000000000000000000006 /* BatalAlDroobUITests */ = {
			isa = PBXGroup;
			children = (
				10200000000000000000000E /* BatalAlDroobUITests.swift */,
			);
			path = BatalAlDroobUITests;
			sourceTree = "<group>";
		};
/* End PBXGroup section */

/* Begin PBXNativeTarget section */
		105000000000000000000001 /* BatalAlDroob */ = {
			isa = PBXNativeTarget;
			buildConfigurationList = 109000000000000000000002 /* Build configuration list for PBXNativeTarget "BatalAlDroob" */;
			buildPhases = (
				106000000000000000000001 /* Sources */,
				103000000000000000000001 /* Frameworks */,
				107000000000000000000001 /* Resources */,
			);
			buildRules = (
			);
			dependencies = (
			);
			name = BatalAlDroob;
			productName = BatalAlDroob;
			productReference = 102000000000000000000007 /* BatalAlDroob.app */;
			productType = "com.apple.product-type.application";
		};
		105000000000000000000002 /* BatalAlDroobTests */ = {
			isa = PBXNativeTarget;
			buildConfigurationList = 109000000000000000000003 /* Build configuration list for PBXNativeTarget "BatalAlDroobTests" */;
			buildPhases = (
				106000000000000000000002 /* Sources */,
				103000000000000000000002 /* Frameworks */,
				107000000000000000000002 /* Resources */,
			);
			buildRules = (
			);
			dependencies = (
				10C000000000000000000001 /* PBXTargetDependency */,
			);
			name = BatalAlDroobTests;
			productName = BatalAlDroobTests;
			productReference = 10200000000000000000000B /* BatalAlDroobTests.xctest */;
			productType = "com.apple.product-type.bundle.unit-test";
		};
		105000000000000000000003 /* BatalAlDroobUITests */ = {
			isa = PBXNativeTarget;
			buildConfigurationList = 109000000000000000000004 /* Build configuration list for PBXNativeTarget "BatalAlDroobUITests" */;
			buildPhases = (
				106000000000000000000003 /* Sources */,
				103000000000000000000003 /* Frameworks */,
				107000000000000000000003 /* Resources */,
			);
			buildRules = (
			);
			dependencies = (
				10C000000000000000000002 /* PBXTargetDependency */,
			);
			name = BatalAlDroobUITests;
			productName = BatalAlDroobUITests;
			productReference = 10200000000000000000000F /* BatalAlDroobUITests.xctest */;
			productType = "com.apple.product-type.bundle.ui-testing";
		};
/* End PBXNativeTarget section */

/* Begin PBXProject section */
		108000000000000000000001 /* Project object */ = {
			isa = PBXProject;
			attributes = {
				BuildIndependentTargetsInParallel = 1;
				LastSwiftUpdateCheck = 1600;
				LastUpgradeCheck = 2660;
				TargetAttributes = {
					105000000000000000000001 = {
						CreatedOnToolsVersion = 16.0;
					};
					105000000000000000000002 = {
						CreatedOnToolsVersion = 26.6;
						TestTargetID = 105000000000000000000001;
					};
					105000000000000000000003 = {
						CreatedOnToolsVersion = 26.6;
						TestTargetID = 105000000000000000000001;
					};
				};
			};
			buildConfigurationList = 109000000000000000000001 /* Build configuration list for PBXProject "BatalAlDroob" */;
			compatibilityVersion = "Xcode 14.0";
			developmentRegion = ar;
			hasScannedForEncodings = 0;
			knownRegions = (
				ar,
				en,
				Base,
			);
			mainGroup = 104000000000000000000001;
			productRefGroup = 104000000000000000000003 /* Products */;
			projectDirPath = "";
			projectRoot = "";
			targets = (
				105000000000000000000001 /* BatalAlDroob */,
				105000000000000000000002 /* BatalAlDroobTests */,
				105000000000000000000003 /* BatalAlDroobUITests */,
			);
		};
/* End PBXProject section */

/* Begin PBXResourcesBuildPhase section */
		107000000000000000000001 /* Resources */ = {
			isa = PBXResourcesBuildPhase;
			buildActionMask = 2147483647;
			files = (
				101000000000000000000004 /* Assets.xcassets in Resources */,
				101000000000000000000007 /* data in Resources */,
				10100000000000000000001B /* models in Resources */,
				101000000000000000000006 /* PrivacyInfo.xcprivacy in Resources */,
				10100000000000000000000C /* InfoPlist.strings in Resources */,
			);
			runOnlyForDeploymentPostprocessing = 0;
		};
		107000000000000000000002 /* Resources */ = {
			isa = PBXResourcesBuildPhase;
			buildActionMask = 2147483647;
			files = (
				101000000000000000000009 /* data in Resources */,
			);
			runOnlyForDeploymentPostprocessing = 0;
		};
		107000000000000000000003 /* Resources */ = {
			isa = PBXResourcesBuildPhase;
			buildActionMask = 2147483647;
			files = (
			);
			runOnlyForDeploymentPostprocessing = 0;
		};
/* End PBXResourcesBuildPhase section */

/* Begin PBXSourcesBuildPhase section */
		106000000000000000000001 /* Sources */ = {
			isa = PBXSourcesBuildPhase;
			buildActionMask = 2147483647;
			files = (
				101000000000000000000001 /* AppDelegate.swift in Sources */,
				10100000000000000000001E /* AIModels.swift in Sources */,
				10100000000000000000001F /* AIService.swift in Sources */,
				101000000000000000000020 /* AIAssistantView.swift in Sources */,
				10100000000000000000001D /* CameraCaptureView.swift in Sources */,
				10100000000000000000001A /* CatalogSearch.swift in Sources */,
				101000000000000000000011 /* CatalogViewModel.swift in Sources */,
				10100000000000000000000F /* Models.swift in Sources */,
				101000000000000000000017 /* MoreViews.swift in Sources */,
				101000000000000000000015 /* PartDetailViews.swift in Sources */,
				10100000000000000000001C /* PermissionOnboardingView.swift in Sources */,
				101000000000000000000010 /* Services.swift in Sources */,
				101000000000000000000013 /* Utilities.swift in Sources */,
				101000000000000000000012 /* Views.swift in Sources */,
				101000000000000000000016 /* WorkflowViews.swift in Sources */,
			);
			runOnlyForDeploymentPostprocessing = 0;
		};
		106000000000000000000002 /* Sources */ = {
			isa = PBXSourcesBuildPhase;
			buildActionMask = 2147483647;
			files = (
				101000000000000000000008 /* BatalCatalogResourceTests.swift in Sources */,
			);
			runOnlyForDeploymentPostprocessing = 0;
		};
		106000000000000000000003 /* Sources */ = {
			isa = PBXSourcesBuildPhase;
			buildActionMask = 2147483647;
			files = (
				10100000000000000000000E /* BatalAlDroobUITests.swift in Sources */,
			);
			runOnlyForDeploymentPostprocessing = 0;
		};
/* End PBXSourcesBuildPhase section */

/* Begin PBXTargetDependency section */
		10C000000000000000000001 /* PBXTargetDependency */ = {
			isa = PBXTargetDependency;
			target = 105000000000000000000001 /* BatalAlDroob */;
			targetProxy = 10B000000000000000000001 /* PBXContainerItemProxy */;
		};
		10C000000000000000000002 /* PBXTargetDependency */ = {
			isa = PBXTargetDependency;
			target = 105000000000000000000001 /* BatalAlDroob */;
			targetProxy = 10B000000000000000000002 /* PBXContainerItemProxy */;
		};
/* End PBXTargetDependency section */

/* Begin XCBuildConfiguration section */
		110000000000000000000001 /* Debug */ = {
			isa = XCBuildConfiguration;
			buildSettings = {
				ALWAYS_SEARCH_USER_PATHS = NO;
				CLANG_ANALYZER_LOCALIZABILITY_NONLOCALIZED = YES;
				CLANG_ANALYZER_NONNULL = YES;
				CLANG_ANALYZER_NUMBER_OBJECT_CONVERSION = YES_AGGRESSIVE;
				CLANG_CXX_LANGUAGE_STANDARD = "gnu++20";
				CLANG_ENABLE_MODULES = YES;
				CLANG_ENABLE_OBJC_ARC = YES;
				CLANG_ENABLE_OBJC_WEAK = YES;
				CLANG_WARN_BLOCK_CAPTURE_AUTORELEASING = YES;
				CLANG_WARN_BOOL_CONVERSION = YES;
				CLANG_WARN_COMMA = YES;
				CLANG_WARN_CONSTANT_CONVERSION = YES;
				CLANG_WARN_DEPRECATED_OBJC_IMPLEMENTATIONS = YES;
				CLANG_WARN_DIRECT_OBJC_ISA_USAGE = YES_ERROR;
				CLANG_WARN_DOCUMENTATION_COMMENTS = YES;
				CLANG_WARN_EMPTY_BODY = YES;
				CLANG_WARN_ENUM_CONVERSION = YES;
				CLANG_WARN_INFINITE_RECURSION = YES;
				CLANG_WARN_INT_CONVERSION = YES;
				CLANG_WARN_NON_LITERAL_NULL_CONVERSION = YES;
				CLANG_WARN_OBJC_IMPLICIT_RETAIN_SELF = YES;
				CLANG_WARN_OBJC_LITERAL_CONVERSION = YES;
				CLANG_WARN_OBJC_ROOT_CLASS = YES_ERROR;
				CLANG_WARN_QUOTED_INCLUDE_IN_FRAMEWORK_HEADER = YES;
				CLANG_WARN_RANGE_LOOP_ANALYSIS = YES;
				CLANG_WARN_STRICT_PROTOTYPES = YES;
				CLANG_WARN_SUSPICIOUS_MOVE = YES;
				CLANG_WARN_UNGUARDED_AVAILABILITY = YES_AGGRESSIVE;
				CLANG_WARN_UNREACHABLE_CODE = YES;
				CLANG_WARN__DUPLICATE_METHOD_MATCH = YES;
				COPY_PHASE_STRIP = NO;
				DEBUG_INFORMATION_FORMAT = dwarf;
				DEVELOPMENT_TEAM = 4HM66AD594;
				ENABLE_STRICT_OBJC_MSGSEND = YES;
				ENABLE_TESTABILITY = YES;
				ENABLE_USER_SCRIPT_SANDBOXING = YES;
				GCC_C_LANGUAGE_STANDARD = gnu17;
				GCC_DYNAMIC_NO_PIC = NO;
				GCC_NO_COMMON_BLOCKS = YES;
				GCC_OPTIMIZATION_LEVEL = 0;
				GCC_PREPROCESSOR_DEFINITIONS = (
					"DEBUG=1",
					"$(inherited)",
				);
				GCC_WARN_64_TO_32_BIT_CONVERSION = YES;
				GCC_WARN_ABOUT_RETURN_TYPE = YES_ERROR;
				GCC_WARN_UNDECLARED_SELECTOR = YES;
				GCC_WARN_UNINITIALIZED_AUTOS = YES_AGGRESSIVE;
				GCC_WARN_UNUSED_FUNCTION = YES;
				GCC_WARN_UNUSED_VARIABLE = YES;
				IPHONEOS_DEPLOYMENT_TARGET = 17.0;
				MTL_ENABLE_DEBUG_INFO = INCLUDE_SOURCE;
				MTL_FAST_MATH = YES;
				ONLY_ACTIVE_ARCH = YES;
				SDKROOT = iphoneos;
				STRING_CATALOG_GENERATE_SYMBOLS = YES;
				SWIFT_ACTIVE_COMPILATION_CONDITIONS = DEBUG;
				SWIFT_OPTIMIZATION_LEVEL = "-Onone";
			};
			name = Debug;
		};
		110000000000000000000002 /* Release */ = {
			isa = XCBuildConfiguration;
			buildSettings = {
				ALWAYS_SEARCH_USER_PATHS = NO;
				CLANG_ANALYZER_LOCALIZABILITY_NONLOCALIZED = YES;
				CLANG_ANALYZER_NONNULL = YES;
				CLANG_ANALYZER_NUMBER_OBJECT_CONVERSION = YES_AGGRESSIVE;
				CLANG_CXX_LANGUAGE_STANDARD = "gnu++20";
				CLANG_ENABLE_MODULES = YES;
				CLANG_ENABLE_OBJC_ARC = YES;
				CLANG_ENABLE_OBJC_WEAK = YES;
				CLANG_WARN_BLOCK_CAPTURE_AUTORELEASING = YES;
				CLANG_WARN_BOOL_CONVERSION = YES;
				CLANG_WARN_COMMA = YES;
				CLANG_WARN_CONSTANT_CONVERSION = YES;
				CLANG_WARN_DEPRECATED_OBJC_IMPLEMENTATIONS = YES;
				CLANG_WARN_DIRECT_OBJC_ISA_USAGE = YES_ERROR;
				CLANG_WARN_DOCUMENTATION_COMMENTS = YES;
				CLANG_WARN_EMPTY_BODY = YES;
				CLANG_WARN_ENUM_CONVERSION = YES;
				CLANG_WARN_INFINITE_RECURSION = YES;
				CLANG_WARN_INT_CONVERSION = YES;
				CLANG_WARN_NON_LITERAL_NULL_CONVERSION = YES;
				CLANG_WARN_OBJC_IMPLICIT_RETAIN_SELF = YES;
				CLANG_WARN_OBJC_LITERAL_CONVERSION = YES;
				CLANG_WARN_OBJC_ROOT_CLASS = YES_ERROR;
				CLANG_WARN_QUOTED_INCLUDE_IN_FRAMEWORK_HEADER = YES;
				CLANG_WARN_RANGE_LOOP_ANALYSIS = YES;
				CLANG_WARN_STRICT_PROTOTYPES = YES;
				CLANG_WARN_SUSPICIOUS_MOVE = YES;
				CLANG_WARN_UNGUARDED_AVAILABILITY = YES_AGGRESSIVE;
				CLANG_WARN_UNREACHABLE_CODE = YES;
				CLANG_WARN__DUPLICATE_METHOD_MATCH = YES;
				COPY_PHASE_STRIP = NO;
				DEBUG_INFORMATION_FORMAT = "dwarf-with-dsym";
				DEVELOPMENT_TEAM = 4HM66AD594;
				ENABLE_NS_ASSERTIONS = NO;
				ENABLE_STRICT_OBJC_MSGSEND = YES;
				ENABLE_USER_SCRIPT_SANDBOXING = YES;
				GCC_C_LANGUAGE_STANDARD = gnu17;
				GCC_NO_COMMON_BLOCKS = YES;
				GCC_WARN_64_TO_32_BIT_CONVERSION = YES;
				GCC_WARN_ABOUT_RETURN_TYPE = YES_ERROR;
				GCC_WARN_UNDECLARED_SELECTOR = YES;
				GCC_WARN_UNINITIALIZED_AUTOS = YES_AGGRESSIVE;
				GCC_WARN_UNUSED_FUNCTION = YES;
				GCC_WARN_UNUSED_VARIABLE = YES;
				IPHONEOS_DEPLOYMENT_TARGET = 17.0;
				MTL_ENABLE_DEBUG_INFO = NO;
				MTL_FAST_MATH = YES;
				SDKROOT = iphoneos;
				STRING_CATALOG_GENERATE_SYMBOLS = YES;
				SWIFT_COMPILATION_MODE = wholemodule;
				SWIFT_OPTIMIZATION_LEVEL = "-O";
				VALIDATE_PRODUCT = YES;
			};
			name = Release;
		};
		110000000000000000000003 /* Debug */ = {
			isa = XCBuildConfiguration;
			buildSettings = {
				ASSETCATALOG_COMPILER_APPICON_NAME = AppIcon;
				CODE_SIGN_STYLE = Automatic;
				CURRENT_PROJECT_VERSION = 154;
				DEVELOPMENT_ASSET_PATHS = "";
				GENERATE_INFOPLIST_FILE = NO;
				INFOPLIST_FILE = BatalAlDroob/Info.plist;
				IPHONEOS_DEPLOYMENT_TARGET = 17.0;
				EXTRACT_APP_INTENTS_METADATA = NO;
				MARKETING_VERSION = 2.2;
				PRODUCT_BUNDLE_IDENTIFIER = com.batalaldroob.parts;
				PRODUCT_NAME = "$(TARGET_NAME)";
				SWIFT_EMIT_LOC_STRINGS = YES;
				SWIFT_VERSION = 6.0;
				TARGETED_DEVICE_FAMILY = "1,2";
			};
			name = Debug;
		};
		110000000000000000000004 /* Release */ = {
			isa = XCBuildConfiguration;
			buildSettings = {
				ASSETCATALOG_COMPILER_APPICON_NAME = AppIcon;
				CODE_SIGN_STYLE = Automatic;
				CURRENT_PROJECT_VERSION = 154;
				DEVELOPMENT_ASSET_PATHS = "";
				GENERATE_INFOPLIST_FILE = NO;
				INFOPLIST_FILE = BatalAlDroob/Info.plist;
				IPHONEOS_DEPLOYMENT_TARGET = 17.0;
				EXTRACT_APP_INTENTS_METADATA = NO;
				MARKETING_VERSION = 2.2;
				PRODUCT_BUNDLE_IDENTIFIER = com.batalaldroob.parts;
				PRODUCT_NAME = "$(TARGET_NAME)";
				SWIFT_EMIT_LOC_STRINGS = YES;
				SWIFT_VERSION = 6.0;
				TARGETED_DEVICE_FAMILY = "1,2";
			};
			name = Release;
		};
		110000000000000000000005 /* Debug */ = {
			isa = XCBuildConfiguration;
			buildSettings = {
				BUNDLE_LOADER = "$(TEST_HOST)";
				CODE_SIGN_STYLE = Automatic;
				CURRENT_PROJECT_VERSION = 154;
				DEVELOPMENT_TEAM = 4HM66AD594;
				EXTRACT_APP_INTENTS_METADATA = NO;
				GENERATE_INFOPLIST_FILE = YES;
				IPHONEOS_DEPLOYMENT_TARGET = 17.0;
				MARKETING_VERSION = 2.2;
				PRODUCT_BUNDLE_IDENTIFIER = com.batalaldroob.parts.tests;
				PRODUCT_NAME = "$(TARGET_NAME)";
				SWIFT_VERSION = 6.0;
				TARGETED_DEVICE_FAMILY = "1,2";
				TEST_HOST = "$(BUILT_PRODUCTS_DIR)/BatalAlDroob.app/$(BUNDLE_EXECUTABLE_FOLDER_PATH)/BatalAlDroob";
			};
			name = Debug;
		};
		110000000000000000000006 /* Release */ = {
			isa = XCBuildConfiguration;
			buildSettings = {
				BUNDLE_LOADER = "$(TEST_HOST)";
				CODE_SIGN_STYLE = Automatic;
				CURRENT_PROJECT_VERSION = 154;
				DEVELOPMENT_TEAM = 4HM66AD594;
				EXTRACT_APP_INTENTS_METADATA = NO;
				GENERATE_INFOPLIST_FILE = YES;
				IPHONEOS_DEPLOYMENT_TARGET = 17.0;
				MARKETING_VERSION = 2.2;
				PRODUCT_BUNDLE_IDENTIFIER = com.batalaldroob.parts.tests;
				PRODUCT_NAME = "$(TARGET_NAME)";
				SWIFT_VERSION = 6.0;
				TARGETED_DEVICE_FAMILY = "1,2";
				TEST_HOST = "$(BUILT_PRODUCTS_DIR)/BatalAlDroob.app/$(BUNDLE_EXECUTABLE_FOLDER_PATH)/BatalAlDroob";
			};
			name = Release;
		};
		110000000000000000000007 /* Debug */ = {
			isa = XCBuildConfiguration;
			buildSettings = {
				CODE_SIGN_STYLE = Automatic;
				CURRENT_PROJECT_VERSION = 154;
				DEVELOPMENT_TEAM = 4HM66AD594;
				EXTRACT_APP_INTENTS_METADATA = NO;
				GENERATE_INFOPLIST_FILE = YES;
				IPHONEOS_DEPLOYMENT_TARGET = 17.0;
				MARKETING_VERSION = 2.2;
				PRODUCT_BUNDLE_IDENTIFIER = com.batalaldroob.parts.uitests;
				PRODUCT_NAME = "$(TARGET_NAME)";
				SWIFT_VERSION = 6.0;
				TARGETED_DEVICE_FAMILY = "1,2";
				TEST_TARGET_NAME = BatalAlDroob;
			};
			name = Debug;
		};
		110000000000000000000008 /* Release */ = {
			isa = XCBuildConfiguration;
			buildSettings = {
				CODE_SIGN_STYLE = Automatic;
				CURRENT_PROJECT_VERSION = 154;
				DEVELOPMENT_TEAM = 4HM66AD594;
				EXTRACT_APP_INTENTS_METADATA = NO;
				GENERATE_INFOPLIST_FILE = YES;
				IPHONEOS_DEPLOYMENT_TARGET = 17.0;
				MARKETING_VERSION = 2.2;
				PRODUCT_BUNDLE_IDENTIFIER = com.batalaldroob.parts.uitests;
				PRODUCT_NAME = "$(TARGET_NAME)";
				SWIFT_VERSION = 6.0;
				TARGETED_DEVICE_FAMILY = "1,2";
				TEST_TARGET_NAME = BatalAlDroob;
			};
			name = Release;
		};
/* End XCBuildConfiguration section */

/* Begin XCConfigurationList section */
		109000000000000000000001 /* Build configuration list for PBXProject "BatalAlDroob" */ = {
			isa = XCConfigurationList;
			buildConfigurations = (
				110000000000000000000001 /* Debug */,
				110000000000000000000002 /* Release */,
			);
			defaultConfigurationIsVisible = 0;
			defaultConfigurationName = Release;
		};
		109000000000000000000002 /* Build configuration list for PBXNativeTarget "BatalAlDroob" */ = {
			isa = XCConfigurationList;
			buildConfigurations = (
				110000000000000000000003 /* Debug */,
				110000000000000000000004 /* Release */,
			);
			defaultConfigurationIsVisible = 0;
			defaultConfigurationName = Release;
		};
		109000000000000000000003 /* Build configuration list for PBXNativeTarget "BatalAlDroobTests" */ = {
			isa = XCConfigurationList;
			buildConfigurations = (
				110000000000000000000005 /* Debug */,
				110000000000000000000006 /* Release */,
			);
			defaultConfigurationIsVisible = 0;
			defaultConfigurationName = Release;
		};
		109000000000000000000004 /* Build configuration list for PBXNativeTarget "BatalAlDroobUITests" */ = {
			isa = XCConfigurationList;
			buildConfigurations = (
				110000000000000000000007 /* Debug */,
				110000000000000000000008 /* Release */,
			);
			defaultConfigurationIsVisible = 0;
			defaultConfigurationName = Release;
		};
/* End XCConfigurationList section */
	};
	rootObject = 108000000000000000000001 /* Project object */;
}
